# THIS IS AN AUTOGENERATED FILE. DO NOT EDIT THIS FILE DIRECTLY.
# yarn lockfile v1


"@esbuild/android-arm64@0.18.10":
  version "0.18.10"
  resolved "https://registry.yarnpkg.com/@esbuild/android-arm64/-/android-arm64-0.18.10.tgz#a416286e6271a8f050869df76ecfc4b822103bbe"
  integrity sha512-ynm4naLbNbK0ajf9LUWtQB+6Vfg1Z/AplArqr4tGebC00Z6m9Y91OVIcjDa461wGcZwcaHYaZAab4yJxfhisTQ==

"@esbuild/android-arm@0.18.10":
  version "0.18.10"
  resolved "https://registry.yarnpkg.com/@esbuild/android-arm/-/android-arm-0.18.10.tgz#aff8cfebd2ed3a52f4d4a923360e7abd0817c34c"
  integrity sha512-3KClmVNd+Fku82uZJz5C4Rx8m1PPmWUFz5Zkw8jkpZPOmsq+EG1TTOtw1OXkHuX3WczOFQigrtf60B1ijKwNsg==

"@esbuild/android-x64@0.18.10":
  version "0.18.10"
  resolved "https://registry.yarnpkg.com/@esbuild/android-x64/-/android-x64-0.18.10.tgz#f3b1f52fd6bfdf79d5b9b5965798ff3a8afa584d"
  integrity sha512-vFfXj8P9Yfjh54yqUDEHKzqzYuEfPyAOl3z7R9hjkwt+NCvbn9VMxX+IILnAfdImRBfYVItgSUsqGKhJFnBwZw==

"@esbuild/darwin-arm64@0.18.10":
  version "0.18.10"
  resolved "https://registry.yarnpkg.com/@esbuild/darwin-arm64/-/darwin-arm64-0.18.10.tgz#70644fc5f41bfe90079df449506de2a568f4c08f"
  integrity sha512-k2OJQ7ZxE6sVc91+MQeZH9gFeDAH2uIYALPAwTjTCvcPy9Dzrf7V7gFUQPYkn09zloWhQ+nvxWHia2x2ZLR0sQ==

"@esbuild/darwin-x64@0.18.10":
  version "0.18.10"
  resolved "https://registry.yarnpkg.com/@esbuild/darwin-x64/-/darwin-x64-0.18.10.tgz#a8a8466559af303db881c7a760553bfc00593a62"
  integrity sha512-tnz/mdZk1L1Z3WpGjin/L2bKTe8/AKZpI8fcCLtH+gq8WXWsCNJSxlesAObV4qbtTl6pG5vmqFXfWUQ5hV8PAQ==

"@esbuild/freebsd-arm64@0.18.10":
  version "0.18.10"
  resolved "https://registry.yarnpkg.com/@esbuild/freebsd-arm64/-/freebsd-arm64-0.18.10.tgz#eda518b8d9b38b6c17c2c58600f8b97ff7acd73b"
  integrity sha512-QJluV0LwBrbHnYYwSKC+K8RGz0g/EyhpQH1IxdoFT0nM7PfgjE+aS8wxq/KFEsU0JkL7U/EEKd3O8xVBxXb2aA==

"@esbuild/freebsd-x64@0.18.10":
  version "0.18.10"
  resolved "https://registry.yarnpkg.com/@esbuild/freebsd-x64/-/freebsd-x64-0.18.10.tgz#e96ba0a380ec38055fd4654dd7a96c90e32e4bbb"
  integrity sha512-Hi/ycUkS6KTw+U9G5PK5NoK7CZboicaKUSVs0FSiPNtuCTzK6HNM4DIgniH7hFaeuszDS9T4dhAHWiLSt/Y5Ng==

"@esbuild/linux-arm64@0.18.10":
  version "0.18.10"
  resolved "https://registry.yarnpkg.com/@esbuild/linux-arm64/-/linux-arm64-0.18.10.tgz#63255f396ab465081bf37e4751bfade9578a8ff0"
  integrity sha512-Nz6XcfRBOO7jSrVpKAyEyFOPGhySPNlgumSDhWAspdQQ11ub/7/NZDMhWDFReE9QH/SsCOCLQbdj0atAk/HMOQ==

"@esbuild/linux-arm@0.18.10":
  version "0.18.10"
  resolved "https://registry.yarnpkg.com/@esbuild/linux-arm/-/linux-arm-0.18.10.tgz#9a589ffb96837b7536cfa6739dd2e666cc5e548e"
  integrity sha512-HfFoxY172tVHPIvJy+FHxzB4l8xU7e5cxmNS11cQ2jt4JWAukn/7LXaPdZid41UyTweqa4P/1zs201gRGCTwHw==

"@esbuild/linux-ia32@0.18.10":
  version "0.18.10"
  resolved "https://registry.yarnpkg.com/@esbuild/linux-ia32/-/linux-ia32-0.18.10.tgz#291aba2de93e8cdf77d607f54e554ce4ffd2f5ef"
  integrity sha512-otMdmSmkMe+pmiP/bZBjfphyAsTsngyT9RCYwoFzqrveAbux9nYitDTpdgToG0Z0U55+PnH654gCH2GQ1aB6Yw==

"@esbuild/linux-loong64@0.18.10":
  version "0.18.10"
  resolved "https://registry.yarnpkg.com/@esbuild/linux-loong64/-/linux-loong64-0.18.10.tgz#ff0fe68c137dc165277b559a747c5debe6a8baec"
  integrity sha512-t8tjFuON1koxskzQ4VFoh0T5UDUMiLYjwf9Wktd0tx8AoK6xgU+5ubKOpWpcnhEQ2tESS5u0v6QuN8PX/ftwcQ==

"@esbuild/linux-mips64el@0.18.10":
  version "0.18.10"
  resolved "https://registry.yarnpkg.com/@esbuild/linux-mips64el/-/linux-mips64el-0.18.10.tgz#99801b17fe2bffcce5cf9375731adf3025e7aee9"
  integrity sha512-+dUkcVzcfEJHz3HEnVpIJu8z8Wdn2n/nWMWdl6FVPFGJAVySO4g3+XPzNKFytVFwf8hPVDwYXzVcu8GMFqsqZw==

"@esbuild/linux-ppc64@0.18.10":
  version "0.18.10"
  resolved "https://registry.yarnpkg.com/@esbuild/linux-ppc64/-/linux-ppc64-0.18.10.tgz#b5d179a6271d123b20694402364162bfa583b35b"
  integrity sha512-sO3PjjxEGy+PY2qkGe2gwJbXdZN9wAYpVBZWFD0AwAoKuXRkWK0/zaMQ5ekUFJDRDCRm8x5U0Axaub7ynH/wVg==

"@esbuild/linux-riscv64@0.18.10":
  version "0.18.10"
  resolved "https://registry.yarnpkg.com/@esbuild/linux-riscv64/-/linux-riscv64-0.18.10.tgz#c34b55bcc71d07685e4b836659f299cd4f6889ec"
  integrity sha512-JDtdbJg3yjDeXLv4lZYE1kiTnxv73/8cbPHY9T/dUKi8rYOM/k5b3W4UJLMUksuQ6nTm5c89W1nADsql6FW75A==

"@esbuild/linux-s390x@0.18.10":
  version "0.18.10"
  resolved "https://registry.yarnpkg.com/@esbuild/linux-s390x/-/linux-s390x-0.18.10.tgz#84318e86ee1e377c603c7b5359f5f67771eddd99"
  integrity sha512-NLuSKcp8WckjD2a7z5kzLiCywFwBTMlIxDNuud1AUGVuwBBJSkuubp6cNjJ0p5c6CZaA3QqUGwjHJBiG1SoOFw==

"@esbuild/linux-x64@0.18.10":
  version "0.18.10"
  resolved "https://registry.yarnpkg.com/@esbuild/linux-x64/-/linux-x64-0.18.10.tgz#631650dc12f902535dea84b356709ba4ca893071"
  integrity sha512-wj2KRsCsFusli+6yFgNO/zmmLslislAWryJnodteRmGej7ZzinIbMdsyp13rVGde88zxJd5vercNYK9kuvlZaQ==

"@esbuild/netbsd-x64@0.18.10":
  version "0.18.10"
  resolved "https://registry.yarnpkg.com/@esbuild/netbsd-x64/-/netbsd-x64-0.18.10.tgz#436c8c8590eb7638e9d811ce5aae5e44b7dd2e45"
  integrity sha512-pQ9QqxEPI3cVRZyUtCoZxhZK3If+7RzR8L2yz2+TDzdygofIPOJFaAPkEJ5rYIbUO101RaiYxfdOBahYexLk5A==

"@esbuild/openbsd-x64@0.18.10":
  version "0.18.10"
  resolved "https://registry.yarnpkg.com/@esbuild/openbsd-x64/-/openbsd-x64-0.18.10.tgz#69945ceeecfb30c20b64068d14a2cf9853254035"
  integrity sha512-k8GTIIW9I8pEEfoOUm32TpPMgSg06JhL5DO+ql66aLTkOQUs0TxCA67Wi7pv6z8iF8STCGcNbm3UWFHLuci+ag==

"@esbuild/sunos-x64@0.18.10":
  version "0.18.10"
  resolved "https://registry.yarnpkg.com/@esbuild/sunos-x64/-/sunos-x64-0.18.10.tgz#2ad291b87225f82490d3ffd7c8b643e45fe0d616"
  integrity sha512-vIGYJIdEI6d4JBucAx8py792G8J0GP40qSH+EvSt80A4zvGd6jph+5t1g+eEXcS2aRpgZw6CrssNCFZxTdEsxw==

"@esbuild/win32-arm64@0.18.10":
  version "0.18.10"
  resolved "https://registry.yarnpkg.com/@esbuild/win32-arm64/-/win32-arm64-0.18.10.tgz#f12fcff13b9dbd3e80481f4cb6282708ce7794bb"
  integrity sha512-kRhNcMZFGMW+ZHCarAM1ypr8OZs0k688ViUCetVCef9p3enFxzWeBg9h/575Y0nsFu0ZItluCVF5gMR2pwOEpA==

"@esbuild/win32-ia32@0.18.10":
  version "0.18.10"
  resolved "https://registry.yarnpkg.com/@esbuild/win32-ia32/-/win32-ia32-0.18.10.tgz#e369e9bedf6b548a62b284320c6de08982d045da"
  integrity sha512-AR9PX1whYaYh9p0EOaKna0h48F/A101Mt/ag72+kMkkBZXPQ7cjbz2syXI/HI3OlBdUytSdHneljfjvUoqwqiQ==

"@esbuild/win32-x64@0.18.10":
  version "0.18.10"
  resolved "https://registry.yarnpkg.com/@esbuild/win32-x64/-/win32-x64-0.18.10.tgz#141d8e73b74252eef46a5433f69d15890d82b5e3"
  integrity sha512-5sTkYhAGHNRr6bVf4RM0PsscqVr6/DBYdrlMh168oph3usid3lKHcHEEHmr34iZ9GHeeg2juFOxtpl6XyC3tpw==

esbuild@^0.18.10:
  version "0.18.10"
  resolved "https://registry.yarnpkg.com/esbuild/-/esbuild-0.18.10.tgz#f0e99e8a957990241be04f2454d7e2cb0d78b43f"
  integrity sha512-33WKo67auOXzZHBY/9DTJRo7kIvfU12S+D4sp2wIz39N88MDIaCGyCwbW01RR70pK6Iya0I74lHEpyLfFqOHPA==
  optionalDependencies:
    "@esbuild/android-arm" "0.18.10"
    "@esbuild/android-arm64" "0.18.10"
    "@esbuild/android-x64" "0.18.10"
    "@esbuild/darwin-arm64" "0.18.10"
    "@esbuild/darwin-x64" "0.18.10"
    "@esbuild/freebsd-arm64" "0.18.10"
    "@esbuild/freebsd-x64" "0.18.10"
    "@esbuild/linux-arm" "0.18.10"
    "@esbuild/linux-arm64" "0.18.10"
    "@esbuild/linux-ia32" "0.18.10"
    "@esbuild/linux-loong64" "0.18.10"
    "@esbuild/linux-mips64el" "0.18.10"
    "@esbuild/linux-ppc64" "0.18.10"
    "@esbuild/linux-riscv64" "0.18.10"
    "@esbuild/linux-s390x" "0.18.10"
    "@esbuild/linux-x64" "0.18.10"
    "@esbuild/netbsd-x64" "0.18.10"
    "@esbuild/openbsd-x64" "0.18.10"
    "@esbuild/sunos-x64" "0.18.10"
    "@esbuild/win32-arm64" "0.18.10"
    "@esbuild/win32-ia32" "0.18.10"
    "@esbuild/win32-x64" "0.18.10"

prettier@2.8.8:
  version "2.8.8"
  resolved "https://registry.yarnpkg.com/prettier/-/prettier-2.8.8.tgz#e8c5d7e98a4305ffe3de2e1fc4aca1a71c28b1da"
  integrity sha512-tdN8qQGvNjw4CHbY+XXk0JgCXn9QiF21a55rBe5LJAU+kDyC4WQn4+awm2Xfk2lQMk5fKup9XgzTZtGkjBdP9Q==
