# THIS IS AN AUTOGENERATED FILE. DO NOT EDIT THIS FILE DIRECTLY.
# yarn lockfile v1


"@esbuild/android-arm64@0.18.1":
  version "0.18.1"
  resolved "https://registry.yarnpkg.com/@esbuild/android-arm64/-/android-arm64-0.18.1.tgz#b0785e64af40185d3683738c629b0d4867d1eb88"
  integrity sha512-l5V0IWGTYfQMzl4ulgIHKMZPwabIS4a39ZvtkPwL6LYiX3UtL76sylA6eFKufJCB43mwEYqbXoBSMn++NpxILw==

"@esbuild/android-arm@0.18.1":
  version "0.18.1"
  resolved "https://registry.yarnpkg.com/@esbuild/android-arm/-/android-arm-0.18.1.tgz#da0b674fc68a698f1657a9d9d9fd0b496d1bf725"
  integrity sha512-8+QS98jqdreHLvCojIke8NjcuelB+Osysazr15EhkUIuG0Ov5WK26XgPYWViCTjHnKQxbpS86/JryBOkEpyrBA==

"@esbuild/android-x64@0.18.1":
  version "0.18.1"
  resolved "https://registry.yarnpkg.com/@esbuild/android-x64/-/android-x64-0.18.1.tgz#fc52ffc3ff6139957138eea0fa2d58e82b4a29ab"
  integrity sha512-1y8/bRek6EYxQeGTUfwL2mmj6NAeXZ3h5YSc4W2Y/kduI1B8VhT4x5X0VxrcGkIKef4N5qCdziRxvei/YUfESg==

"@esbuild/darwin-arm64@0.18.1":
  version "0.18.1"
  resolved "https://registry.yarnpkg.com/@esbuild/darwin-arm64/-/darwin-arm64-0.18.1.tgz#4a0ae46a675251dedd14361d132d8cef0218fcff"
  integrity sha512-FFT/on9qQTOntdloQvgfwFkRhNI5l/TCNXZS1CpH6JQd0boR637aThi9g9FYs4o31Ao72/jPZFDiRln5Cu6R2A==

"@esbuild/darwin-x64@0.18.1":
  version "0.18.1"
  resolved "https://registry.yarnpkg.com/@esbuild/darwin-x64/-/darwin-x64-0.18.1.tgz#733934692e038a50a209365b25836e2407e29328"
  integrity sha512-p/ZIUt+NlW8qRNVTXoKJgRuc49teazvmXBquoGOm5D6IAimTfWJVJrEivqpoMKyDS/0/PxDMRM2lrkxlSa7XeQ==

"@esbuild/freebsd-arm64@0.18.1":
  version "0.18.1"
  resolved "https://registry.yarnpkg.com/@esbuild/freebsd-arm64/-/freebsd-arm64-0.18.1.tgz#72cac2daba6369a1252aa77b6f04b275f31ea7d5"
  integrity sha512-eYUDR3thO96ULRf4rJcG9TJ/sQc6Z/YNe16mC/KvVeAOtzmeTXiPMETEv/iMqTCxZhYkHyQG/mYbAxPBWC2mcg==

"@esbuild/freebsd-x64@0.18.1":
  version "0.18.1"
  resolved "https://registry.yarnpkg.com/@esbuild/freebsd-x64/-/freebsd-x64-0.18.1.tgz#3ab647a9f1557ce8f099e4910854000cd831989a"
  integrity sha512-w03zjxyg51qktv0JKsV+AbY3uSb1Awifs8IkKQSUXdP3sdPxxmPzZLrlJ1+LjKZRiSa4yP/Haayi/hriNVoIdQ==

"@esbuild/linux-arm64@0.18.1":
  version "0.18.1"
  resolved "https://registry.yarnpkg.com/@esbuild/linux-arm64/-/linux-arm64-0.18.1.tgz#38ae4a9fbcd1e288270e37b2727f8370dc347d54"
  integrity sha512-dHlvkKAVlYNt5LPg1GUha99QiaEGKEC21zpHVAxs7hhW6EkR8nN3iWmyndGXxVJm4K7e4lKAzl8ekPqSr5gAXQ==

"@esbuild/linux-arm@0.18.1":
  version "0.18.1"
  resolved "https://registry.yarnpkg.com/@esbuild/linux-arm/-/linux-arm-0.18.1.tgz#75d8bdea6f4ed10c2e8186d0aa4f06fe92ea4350"
  integrity sha512-d6FXeb8F/cuXtSZuVHQN0Rz3gs3g2Xy/M4KJJRzbKsBx3pwCQuRdSrYxcr7g0PFN8geIOspiLQnUzwONyMA3Bw==

"@esbuild/linux-ia32@0.18.1":
  version "0.18.1"
  resolved "https://registry.yarnpkg.com/@esbuild/linux-ia32/-/linux-ia32-0.18.1.tgz#89cda727edeb1ae844b1cd7b88ae03c33197b1e2"
  integrity sha512-QHS4duBPuAsLZP82sNeoqTXAJ1mNU4QcfmYtBN/jNvQJXb6n0im8F4ljFSAQbivt1jl1OnKL8HhlLUeKY75nLg==

"@esbuild/linux-loong64@0.18.1":
  version "0.18.1"
  resolved "https://registry.yarnpkg.com/@esbuild/linux-loong64/-/linux-loong64-0.18.1.tgz#674a5466fe2b5e3d276a5a331ce5bb3fb4e67c90"
  integrity sha512-g4YSiF/qBvXvJhSowxaR7Ei/79otL48Qfjviuo+FpXREykA9nSe407T5ZvezFXryFgdf44Fe8lWpjvtQ+n42cQ==

"@esbuild/linux-mips64el@0.18.1":
  version "0.18.1"
  resolved "https://registry.yarnpkg.com/@esbuild/linux-mips64el/-/linux-mips64el-0.18.1.tgz#5e01859f27d455582e094bff666836881e4348bd"
  integrity sha512-/G1fzmaR5u2S9wgQhiQEhWRct0+GMpuNjhll59uv5Tjojlma9MUPinVnvpw9Re+Idb6gxe6kmzUxFP2YkC/svg==

"@esbuild/linux-ppc64@0.18.1":
  version "0.18.1"
  resolved "https://registry.yarnpkg.com/@esbuild/linux-ppc64/-/linux-ppc64-0.18.1.tgz#8dc674268e506daab0b30f3e95af57c314e0797e"
  integrity sha512-NkDjIvleUc3lSV1VI3QE9Oh5mz3nY11H5TCbi4DJ8X09FGwHN5pDVXdAsQYPGjlt/frXZzq6x7vMmTOb5VyBog==

"@esbuild/linux-riscv64@0.18.1":
  version "0.18.1"
  resolved "https://registry.yarnpkg.com/@esbuild/linux-riscv64/-/linux-riscv64-0.18.1.tgz#1b42c089cd9938b154189910e9f8ea2d08fd949f"
  integrity sha512-IhN7Nz+HyDRnMQOLcCl6m5BgQMITMhS9O1hOqgAUIy6FI0m/0zTSkZHtvMmSIpOy1uleaGqfNDA9SM3nBeTATQ==

"@esbuild/linux-s390x@0.18.1":
  version "0.18.1"
  resolved "https://registry.yarnpkg.com/@esbuild/linux-s390x/-/linux-s390x-0.18.1.tgz#e9b3052cd2ea1fa929da60e54112678cc8f9df0c"
  integrity sha512-u9iRg0eUUIyBbg5hANvRBYRaAnhVemAA2+pi3IgrzQTMeR/uPHQtJI3XInNZkNR6ACA4Fdl8N941p81XygeqWQ==

"@esbuild/linux-x64@0.18.1":
  version "0.18.1"
  resolved "https://registry.yarnpkg.com/@esbuild/linux-x64/-/linux-x64-0.18.1.tgz#1020ab6ee29fbb3d1b3c08432a5f167a92a0af73"
  integrity sha512-0QeWU0a0+RmxPCDt+plXS7/hVMJtfde/LaSzs6X3UTr4FYA0hYpnwDzGXxumcPLzt5c8ctugPuKat0tmRb7noQ==

"@esbuild/netbsd-x64@0.18.1":
  version "0.18.1"
  resolved "https://registry.yarnpkg.com/@esbuild/netbsd-x64/-/netbsd-x64-0.18.1.tgz#9c42d1ab35b7cb6f9632dff3a1274d709c29cf72"
  integrity sha512-eFL7sxibN8wKuwrRf3HRkcjELALlfl/TavJ8P4J+BJfnkXOITF7zx4tTmGkzK8OwAR9snT2kEfp1Ictc80atGw==

"@esbuild/openbsd-x64@0.18.1":
  version "0.18.1"
  resolved "https://registry.yarnpkg.com/@esbuild/openbsd-x64/-/openbsd-x64-0.18.1.tgz#31c0a96f3c5e3f92f2a4019099725aee3fa6981c"
  integrity sha512-riCQUnngF2xYUzr0XDdrGEEz0nqnocch0No7SBIQM22wTRi5gt5WqTQexGd/2u2Z19d0rVYQbKBelaJ1dwe9bg==

"@esbuild/sunos-x64@0.18.1":
  version "0.18.1"
  resolved "https://registry.yarnpkg.com/@esbuild/sunos-x64/-/sunos-x64-0.18.1.tgz#e3f5e5b7347af74e9ae2a16ca045d737c077a987"
  integrity sha512-6lTop2k+GMkWlrwMy2+55xIBXKfXOi6uzWYypXZZP8HxXG3Mb5N4O71z2KzisVNJtYK2VlQRNbmGtUzIQIhHAw==

"@esbuild/win32-arm64@0.18.1":
  version "0.18.1"
  resolved "https://registry.yarnpkg.com/@esbuild/win32-arm64/-/win32-arm64-0.18.1.tgz#ca26f130a8a0d2852d4abf5f24713214f804d4f4"
  integrity sha512-d6wt4g9GluZp7xCmgpm7gY6wy0mjcBHbKeeK9MYrlWNFJd8KBcD2uCil8kFuaH3Dt6AUz62D0wIoDETFsZ01Tg==

"@esbuild/win32-ia32@0.18.1":
  version "0.18.1"
  resolved "https://registry.yarnpkg.com/@esbuild/win32-ia32/-/win32-ia32-0.18.1.tgz#69417b6f7ff8e660953401d8b66cb11d41ca80b3"
  integrity sha512-z51DOtcwECu4WlqJUhu39AVnnpaVmTvXei0EQxc99QK7ZJyn4tj0EelYkMBZckpqzqB/GyGSLwEclKtRJ0l2uw==

"@esbuild/win32-x64@0.18.1":
  version "0.18.1"
  resolved "https://registry.yarnpkg.com/@esbuild/win32-x64/-/win32-x64-0.18.1.tgz#e44b205e38082addd20fd8ac107ec3e7309c3a28"
  integrity sha512-6tdeuCLT+l9QuCFaYsNtULO6xH2fgJObvICMCsOZvkqIey6FUXVVju5aO+OZjxswy7WgKadhI1k/nq2wQSmB+Q==

esbuild@^0.18.1:
  version "0.18.1"
  resolved "https://registry.yarnpkg.com/esbuild/-/esbuild-0.18.1.tgz#cb62e38633f0efe91e04e510b9ec194f7f14e00c"
  integrity sha512-ZUvsIx2wPjpj86b805UwbGJu47Kxgr2UTio9rGhWpBr1oOVk88exzoieOgTweX0UcVCwSAk3z2WvNALpTcpQZw==
  optionalDependencies:
    "@esbuild/android-arm" "0.18.1"
    "@esbuild/android-arm64" "0.18.1"
    "@esbuild/android-x64" "0.18.1"
    "@esbuild/darwin-arm64" "0.18.1"
    "@esbuild/darwin-x64" "0.18.1"
    "@esbuild/freebsd-arm64" "0.18.1"
    "@esbuild/freebsd-x64" "0.18.1"
    "@esbuild/linux-arm" "0.18.1"
    "@esbuild/linux-arm64" "0.18.1"
    "@esbuild/linux-ia32" "0.18.1"
    "@esbuild/linux-loong64" "0.18.1"
    "@esbuild/linux-mips64el" "0.18.1"
    "@esbuild/linux-ppc64" "0.18.1"
    "@esbuild/linux-riscv64" "0.18.1"
    "@esbuild/linux-s390x" "0.18.1"
    "@esbuild/linux-x64" "0.18.1"
    "@esbuild/netbsd-x64" "0.18.1"
    "@esbuild/openbsd-x64" "0.18.1"
    "@esbuild/sunos-x64" "0.18.1"
    "@esbuild/win32-arm64" "0.18.1"
    "@esbuild/win32-ia32" "0.18.1"
    "@esbuild/win32-x64" "0.18.1"

prettier@2.8.8:
  version "2.8.8"
  resolved "https://registry.yarnpkg.com/prettier/-/prettier-2.8.8.tgz#e8c5d7e98a4305ffe3de2e1fc4aca1a71c28b1da"
  integrity sha512-tdN8qQGvNjw4CHbY+XXk0JgCXn9QiF21a55rBe5LJAU+kDyC4WQn4+awm2Xfk2lQMk5fKup9XgzTZtGkjBdP9Q==
